
Microsoft Visual Studio Solution File, Format Version 12.00
# Visual Studio Version 17
VisualStudioVersion = 17.5.002.0
MinimumVisualStudioVersion = 10.0.40219.1
Project("{9A19103F-16F7-4668-BE54-9A1E7A4F7556}") = "MidasAPI", "MidasAPI\MidasAPI.csproj", "{E99231DE-DBBA-45FD-9A63-0B12C40389F6}"
EndProject
Project("{9A19103F-16F7-4668-BE54-9A1E7A4F7556}") = "MidasBussines", "MidasBussines\MidasBussines.csproj", "{055569F4-F06E-47F0-A536-B55AF3AA506C}"
EndProject
Project("{9A19103F-16F7-4668-BE54-9A1E7A4F7556}") = "MidasDataAccess", "MidasDataAccess\MidasDataAccess.csproj", "{26CCCE57-7518-4FFA-9E4B-23AEEDC5F27F}"
EndProject
Global
	GlobalSection(SolutionConfigurationPlatforms) = preSolution
		Debug|Any CPU = Debug|Any CPU
		Release|Any CPU = Release|Any CPU
	EndGlobalSection
	GlobalSection(ProjectConfigurationPlatforms) = postSolution
		{E99231DE-DBBA-45FD-9A63-0B12C40389F6}.Debug|Any CPU.ActiveCfg = Debug|Any CPU
		{E99231DE-DBBA-45FD-9A63-0B12C40389F6}.Debug|Any CPU.Build.0 = Debug|Any CPU
		{E99231DE-DBBA-45FD-9A63-0B12C40389F6}.Release|Any CPU.ActiveCfg = Release|Any CPU
		{E99231DE-DBBA-45FD-9A63-0B12C40389F6}.Release|Any CPU.Build.0 = Release|Any CPU
		{055569F4-F06E-47F0-A536-B55AF3AA506C}.Debug|Any CPU.ActiveCfg = Debug|Any CPU
		{055569F4-F06E-47F0-A536-B55AF3AA506C}.Debug|Any CPU.Build.0 = Debug|Any CPU
		{055569F4-F06E-47F0-A536-B55AF3AA506C}.Release|Any CPU.ActiveCfg = Release|Any CPU
		{055569F4-F06E-47F0-A536-B55AF3AA506C}.Release|Any CPU.Build.0 = Release|Any CPU
		{26CCCE57-7518-4FFA-9E4B-23AEEDC5F27F}.Debug|Any CPU.ActiveCfg = Debug|Any CPU
		{26CCCE57-7518-4FFA-9E4B-23AEEDC5F27F}.Debug|Any CPU.Build.0 = Debug|Any CPU
		{26CCCE57-7518-4FFA-9E4B-23AEEDC5F27F}.Release|Any CPU.ActiveCfg = Release|Any CPU
		{26CCCE57-7518-4FFA-9E4B-23AEEDC5F27F}.Release|Any CPU.Build.0 = Release|Any CPU
	EndGlobalSection
	GlobalSection(SolutionProperties) = preSolution
		HideSolutionNode = FALSE
	EndGlobalSection
	GlobalSection(ExtensibilityGlobals) = postSolution
		SolutionGuid = {3A92229B-B423-4F15-BF2A-DDC88BAB83FB}
	EndGlobalSection
EndGlobal
